// !$*UTF8*$!
{
	archiveVersion = 1;
	classes = {
	};
	objectVersion = 55;
	objects = {

/* Begin PBXBuildFile section */
		D44F1F45284E7D4700B1AC32 /* SETApp.swift in Sources */ = {isa = PBXBuildFile; fileRef = D44F1F44284E7D4700B1AC32 /* SETApp.swift */; };
		D44F1F47284E7D4700B1AC32 /* SetView.swift in Sources */ = {isa = PBXBuildFile; fileRef = D44F1F46284E7D4700B1AC32 /* SetView.swift */; };
		D44F1F49284E7D4900B1AC32 /* Assets.xcassets in Resources */ = {isa = PBXBuildFile; fileRef = D44F1F48284E7D4900B1AC32 /* Assets.xcassets */; };
		D44F1F4C284E7D4900B1AC32 /* Preview Assets.xcassets in Resources */ = {isa = PBXBuildFile; fileRef = D44F1F4B284E7D4900B1AC32 /* Preview Assets.xcassets */; };
		D44F1F54284E844F00B1AC32 /* Card.swift in Sources */ = {isa = PBXBuildFile; fileRef = D44F1F53284E844F00B1AC32 /* Card.swift */; };
		D44F1F57284E880500B1AC32 /* Diamond.swift in Sources */ = {isa = PBXBuildFile; fileRef = D44F1F56284E880500B1AC32 /* Diamond.swift */; };
		D44F1F5A284E884E00B1AC32 /* Oval.swift in Sources */ = {isa = PBXBuildFile; fileRef = D44F1F59284E884E00B1AC32 /* Oval.swift */; };
		D44F1F5C284E888000B1AC32 /* Squiggle.swift in Sources */ = {isa = PBXBuildFile; fileRef = D44F1F5B284E888000B1AC32 /* Squiggle.swift */; };
		D44F1F5E284E896300B1AC32 /* SampleData.swift in Sources */ = {isa = PBXBuildFile; fileRef = D44F1F5D284E896300B1AC32 /* SampleData.swift */; };
		D44F1F60284E8A6400B1AC32 /* CardView.swift in Sources */ = {isa = PBXBuildFile; fileRef = D44F1F5F284E8A6400B1AC32 /* CardView.swift */; };
/* End PBXBuildFile section */

/* Begin PBXFileReference section */
		D44F1F41284E7D4700B1AC32 /* SET.app */ = {isa = PBXFileReference; explicitFileType = wrapper.application; includeInIndex = 0; path = SET.app; sourceTree = BUILT_PRODUCTS_DIR; };
		D44F1F44284E7D4700B1AC32 /* SETApp.swift */ = {isa = PBXFileReference; lastKnownFileType = sourcecode.swift; path = SETApp.swift; sourceTree = "<group>"; };
		D44F1F46284E7D4700B1AC32 /* SetView.swift */ = {isa = PBXFileReference; lastKnownFileType = sourcecode.swift; path = SetView.swift; sourceTree = "<group>"; };
		D44F1F48284E7D4900B1AC32 /* Assets.xcassets */ = {isa = PBXFileReference; lastKnownFileType = folder.assetcatalog; path = Assets.xcassets; sourceTree = "<group>"; };
		D44F1F4B284E7D4900B1AC32 /* Preview Assets.xcassets */ = {isa = PBXFileReference; lastKnownFileType = folder.assetcatalog; path = "Preview Assets.xcassets"; sourceTree = "<group>"; };
		D44F1F53284E844F00B1AC32 /* Card.swift */ = {isa = PBXFileReference; lastKnownFileType = sourcecode.swift; path = Card.swift; sourceTree = "<group>"; };
		D44F1F56284E880500B1AC32 /* Diamond.swift */ = {isa = PBXFileReference; lastKnownFileType = sourcecode.swift; path = Diamond.swift; sourceTree = "<group>"; };
		D44F1F59284E884E00B1AC32 /* Oval.swift */ = {isa = PBXFileReference; lastKnownFileType = sourcecode.swift; path = Oval.swift; sourceTree = "<group>"; };
		D44F1F5B284E888000B1AC32 /* Squiggle.swift */ = {isa = PBXFileReference; lastKnownFileType = sourcecode.swift; path = Squiggle.swift; sourceTree = "<group>"; };
		D44F1F5D284E896300B1AC32 /* SampleData.swift */ = {isa = PBXFileReference; lastKnownFileType = sourcecode.swift; path = SampleData.swift; sourceTree = "<group>"; };
		D44F1F5F284E8A6400B1AC32 /* CardView.swift */ = {isa = PBXFileReference; lastKnownFileType = sourcecode.swift; path = CardView.swift; sourceTree = "<group>"; };
/* End PBXFileReference section */

/* Begin PBXFrameworksBuildPhase section */
		D44F1F3E284E7D4700B1AC32 /* Frameworks */ = {
			isa = PBXFrameworksBuildPhase;
			buildActionMask = 2147483647;
			files = (
			);
			runOnlyForDeploymentPostprocessing = 0;
		};
/* End PBXFrameworksBuildPhase section */

/* Begin PBXGroup section */
		D44F1F38284E7D4700B1AC32 = {
			isa = PBXGroup;
			children = (
				D44F1F43284E7D4700B1AC32 /* SET */,
				D44F1F42284E7D4700B1AC32 /* Products */,
			);
			sourceTree = "<group>";
		};
		D44F1F42284E7D4700B1AC32 /* Products */ = {
			isa = PBXGroup;
			children = (
				D44F1F41284E7D4700B1AC32 /* SET.app */,
			);
			name = Products;
			sourceTree = "<group>";
		};
		D44F1F43284E7D4700B1AC32 /* SET */ = {
			isa = PBXGroup;
			children = (
				D44F1F44284E7D4700B1AC32 /* SETApp.swift */,
				D44F1F55284E845400B1AC32 /* Model */,
				D44F1F52284E7DBE00B1AC32 /* View */,
				D44F1F58284E880A00B1AC32 /* Shape */,
				D44F1F48284E7D4900B1AC32 /* Assets.xcassets */,
				D44F1F4A284E7D4900B1AC32 /* Preview Content */,
			);
			path = SET;
			sourceTree = "<group>";
		};
		D44F1F4A284E7D4900B1AC32 /* Preview Content */ = {
			isa = PBXGroup;
			children = (
				D44F1F4B284E7D4900B1AC32 /* Preview Assets.xcassets */,
				D44F1F5D284E896300B1AC32 /* SampleData.swift */,
			);
			path = "Preview Content";
			sourceTree = "<group>";
		};
		D44F1F52284E7DBE00B1AC32 /* View */ = {
			isa = PBXGroup;
			children = (
				D44F1F46284E7D4700B1AC32 /* SetView.swift */,
				D44F1F5F284E8A6400B1AC32 /* CardView.swift */,
			);
			path = View;
			sourceTree = "<group>";
		};
		D44F1F55284E845400B1AC32 /* Model */ = {
			isa = PBXGroup;
			children = (
				D44F1F53284E844F00B1AC32 /* Card.swift */,
			);
			path = Model;
			sourceTree = "<group>";
		};
		D44F1F58284E880A00B1AC32 /* Shape */ = {
			isa = PBXGroup;
			children = (
				D44F1F56284E880500B1AC32 /* Diamond.swift */,
				D44F1F59284E884E00B1AC32 /* Oval.swift */,
				D44F1F5B284E888000B1AC32 /* Squiggle.swift */,
			);
			path = Shape;
			sourceTree = "<group>";
		};
/* End PBXGroup section */

/* Begin PBXNativeTarget section */
		D44F1F40284E7D4700B1AC32 /* SET */ = {
			isa = PBXNativeTarget;
			buildConfigurationList = D44F1F4F284E7D4900B1AC32 /* Build configuration list for PBXNativeTarget "SET" */;
			buildPhases = (
				D44F1F3D284E7D4700B1AC32 /* Sources */,
				D44F1F3E284E7D4700B1AC32 /* Frameworks */,
				D44F1F3F284E7D4700B1AC32 /* Resources */,
			);
			buildRules = (
			);
			dependencies = (
			);
			name = SET;
			productName = SET;
			productReference = D44F1F41284E7D4700B1AC32 /* SET.app */;
			productType = "com.apple.product-type.application";
		};
/* End PBXNativeTarget section */

/* Begin PBXProject section */
		D44F1F39284E7D4700B1AC32 /* Project object */ = {
			isa = PBXProject;
			attributes = {
				BuildIndependentTargetsInParallel = 1;
				LastSwiftUpdateCheck = 1340;
				LastUpgradeCheck = 1340;
				TargetAttributes = {
					D44F1F40284E7D4700B1AC32 = {
						CreatedOnToolsVersion = 13.4.1;
					};
				};
			};
			buildConfigurationList = D44F1F3C284E7D4700B1AC32 /* Build configuration list for PBXProject "SET" */;
			compatibilityVersion = "Xcode 13.0";
			developmentRegion = en;
			hasScannedForEncodings = 0;
			knownRegions = (
				en,
				Base,
			);
			mainGroup = D44F1F38284E7D4700B1AC32;
			productRefGroup = D44F1F42284E7D4700B1AC32 /* Products */;
			projectDirPath = "";
			projectRoot = "";
			targets = (
				D44F1F40284E7D4700B1AC32 /* SET */,
			);
		};
/* End PBXProject section */

/* Begin PBXResourcesBuildPhase section */
		D44F1F3F284E7D4700B1AC32 /* Resources */ = {
			isa = PBXResourcesBuildPhase;
			buildActionMask = 2147483647;
			files = (
				D44F1F4C284E7D4900B1AC32 /* Preview Assets.xcassets in Resources */,
				D44F1F49284E7D4900B1AC32 /* Assets.xcassets in Resources */,
			);
			runOnlyForDeploymentPostprocessing = 0;
		};
/* End PBXResourcesBuildPhase section */

/* Begin PBXSourcesBuildPhase section */
		D44F1F3D284E7D4700B1AC32 /* Sources */ = {
			isa = PBXSourcesBuildPhase;
			buildActionMask = 2147483647;
			files = (
				D44F1F5C284E888000B1AC32 /* Squiggle.swift in Sources */,
				D44F1F5E284E896300B1AC32 /* SampleData.swift in Sources */,
				D44F1F57284E880500B1AC32 /* Diamond.swift in Sources */,
				D44F1F5A284E884E00B1AC32 /* Oval.swift in Sources */,
				D44F1F47284E7D4700B1AC32 /* SetView.swift in Sources */,
				D44F1F54284E844F00B1AC32 /* Card.swift in Sources */,
				D44F1F60284E8A6400B1AC32 /* CardView.swift in Sources */,
				D44F1F45284E7D4700B1AC32 /* SETApp.swift in Sources */,
			);
			runOnlyForDeploymentPostprocessing = 0;
		};
/* End PBXSourcesBuildPhase section */

/* Begin XCBuildConfiguration section */
		D44F1F4D284E7D4900B1AC32 /* Debug */ = {
			isa = XCBuildConfiguration;
			buildSettings = {
				ALWAYS_SEARCH_USER_PATHS = NO;
				CLANG_ANALYZER_NONNULL = YES;
				CLANG_ANALYZER_NUMBER_OBJECT_CONVERSION = YES_AGGRESSIVE;
				CLANG_CXX_LANGUAGE_STANDARD = "gnu++17";
				CLANG_ENABLE_MODULES = YES;
				CLANG_ENABLE_OBJC_ARC = YES;
				CLANG_ENABLE_OBJC_WEAK = YES;
				CLANG_WARN_BLOCK_CAPTURE_AUTORELEASING = YES;
				CLANG_WARN_BOOL_CONVERSION = YES;
				CLANG_WARN_COMMA = YES;
				CLANG_WARN_CONSTANT_CONVERSION = YES;
				CLANG_WARN_DEPRECATED_OBJC_IMPLEMENTATIONS = YES;
				CLANG_WARN_DIRECT_OBJC_ISA_USAGE = YES_ERROR;
				CLANG_WARN_DOCUMENTATION_COMMENTS = YES;
				CLANG_WARN_EMPTY_BODY = YES;
				CLANG_WARN_ENUM_CONVERSION = YES;
				CLANG_WARN_INFINITE_RECURSION = YES;
				CLANG_WARN_INT_CONVERSION = YES;
				CLANG_WARN_NON_LITERAL_NULL_CONVERSION = YES;
				CLANG_WARN_OBJC_IMPLICIT_RETAIN_SELF = YES;
				CLANG_WARN_OBJC_LITERAL_CONVERSION = YES;
				CLANG_WARN_OBJC_ROOT_CLASS = YES_ERROR;
				CLANG_WARN_QUOTED_INCLUDE_IN_FRAMEWORK_HEADER = YES;
				CLANG_WARN_RANGE_LOOP_ANALYSIS = YES;
				CLANG_WARN_STRICT_PROTOTYPES = YES;
				CLANG_WARN_SUSPICIOUS_MOVE = YES;
				CLANG_WARN_UNGUARDED_AVAILABILITY = YES_AGGRESSIVE;
				CLANG_WARN_UNREACHABLE_CODE = YES;
				CLANG_WARN__DUPLICATE_METHOD_MATCH = YES;
				COPY_PHASE_STRIP = NO;
				DEBUG_INFORMATION_FORMAT = dwarf;
				ENABLE_STRICT_OBJC_MSGSEND = YES;
				ENABLE_TESTABILITY = YES;
				GCC_C_LANGUAGE_STANDARD = gnu11;
				GCC_DYNAMIC_NO_PIC = NO;
				GCC_NO_COMMON_BLOCKS = YES;
				GCC_OPTIMIZATION_LEVEL = 0;
				GCC_PREPROCESSOR_DEFINITIONS = (
					"DEBUG=1",
					"$(inherited)",
				);
				GCC_WARN_64_TO_32_BIT_CONVERSION = YES;
				GCC_WARN_ABOUT_RETURN_TYPE = YES_ERROR;
				GCC_WARN_UNDECLARED_SELECTOR = YES;
				GCC_WARN_UNINITIALIZED_AUTOS = YES_AGGRESSIVE;
				GCC_WARN_UNUSED_FUNCTION = YES;
				GCC_WARN_UNUSED_VARIABLE = YES;
				IPHONEOS_DEPLOYMENT_TARGET = 15.5;
				MTL_ENABLE_DEBUG_INFO = INCLUDE_SOURCE;
				MTL_FAST_MATH = YES;
				ONLY_ACTIVE_ARCH = YES;
				SDKROOT = iphoneos;
				SWIFT_ACTIVE_COMPILATION_CONDITIONS = DEBUG;
				SWIFT_OPTIMIZATION_LEVEL = "-Onone";
			};
			name = Debug;
		};
		D44F1F4E284E7D4900B1AC32 /* Release */ = {
			isa = XCBuildConfiguration;
			buildSettings = {
				ALWAYS_SEARCH_USER_PATHS = NO;
				CLANG_ANALYZER_NONNULL = YES;
				CLANG_ANALYZER_NUMBER_OBJECT_CONVERSION = YES_AGGRESSIVE;
				CLANG_CXX_LANGUAGE_STANDARD = "gnu++17";
				CLANG_ENABLE_MODULES = YES;
				CLANG_ENABLE_OBJC_ARC = YES;
				CLANG_ENABLE_OBJC_WEAK = YES;
				CLANG_WARN_BLOCK_CAPTURE_AUTORELEASING = YES;
				CLANG_WARN_BOOL_CONVERSION = YES;
				CLANG_WARN_COMMA = YES;
				CLANG_WARN_CONSTANT_CONVERSION = YES;
				CLANG_WARN_DEPRECATED_OBJC_IMPLEMENTATIONS = YES;
				CLANG_WARN_DIRECT_OBJC_ISA_USAGE = YES_ERROR;
				CLANG_WARN_DOCUMENTATION_COMMENTS = YES;
				CLANG_WARN_EMPTY_BODY = YES;
				CLANG_WARN_ENUM_CONVERSION = YES;
				CLANG_WARN_INFINITE_RECURSION = YES;
				CLANG_WARN_INT_CONVERSION = YES;
				CLANG_WARN_NON_LITERAL_NULL_CONVERSION = YES;
				CLANG_WARN_OBJC_IMPLICIT_RETAIN_SELF = YES;
				CLANG_WARN_OBJC_LITERAL_CONVERSION = YES;
				CLANG_WARN_OBJC_ROOT_CLASS = YES_ERROR;
				CLANG_WARN_QUOTED_INCLUDE_IN_FRAMEWORK_HEADER = YES;
				CLANG_WARN_RANGE_LOOP_ANALYSIS = YES;
				CLANG_WARN_STRICT_PROTOTYPES = YES;
				CLANG_WARN_SUSPICIOUS_MOVE = YES;
				CLANG_WARN_UNGUARDED_AVAILABILITY = YES_AGGRESSIVE;
				CLANG_WARN_UNREACHABLE_CODE = YES;
				CLANG_WARN__DUPLICATE_METHOD_MATCH = YES;
				COPY_PHASE_STRIP = NO;
				DEBUG_INFORMATION_FORMAT = "dwarf-with-dsym";
				ENABLE_NS_ASSERTIONS = NO;
				ENABLE_STRICT_OBJC_MSGSEND = YES;
				GCC_C_LANGUAGE_STANDARD = gnu11;
				GCC_NO_COMMON_BLOCKS = YES;
				GCC_WARN_64_TO_32_BIT_CONVERSION = YES;
				GCC_WARN_ABOUT_RETURN_TYPE = YES_ERROR;
				GCC_WARN_UNDECLARED_SELECTOR = YES;
				GCC_WARN_UNINITIALIZED_AUTOS = YES_AGGRESSIVE;
				GCC_WARN_UNUSED_FUNCTION = YES;
				GCC_WARN_UNUSED_VARIABLE = YES;
				IPHONEOS_DEPLOYMENT_TARGET = 15.5;
				MTL_ENABLE_DEBUG_INFO = NO;
				MTL_FAST_MATH = YES;
				SDKROOT = iphoneos;
				SWIFT_COMPILATION_MODE = wholemodule;
				SWIFT_OPTIMIZATION_LEVEL = "-O";
				VALIDATE_PRODUCT = YES;
			};
			name = Release;
		};
		D44F1F50284E7D4900B1AC32 /* Debug */ = {
			isa = XCBuildConfiguration;
			buildSettings = {
				ASSETCATALOG_COMPILER_APPICON_NAME = AppIcon;
				ASSETCATALOG_COMPILER_GLOBAL_ACCENT_COLOR_NAME = AccentColor;
				CODE_SIGN_STYLE = Automatic;
				CURRENT_PROJECT_VERSION = 1;
				DEVELOPMENT_ASSET_PATHS = "\"SET/Preview Content\"";
				ENABLE_PREVIEWS = YES;
				GENERATE_INFOPLIST_FILE = YES;
				INFOPLIST_KEY_UIApplicationSceneManifest_Generation = YES;
				INFOPLIST_KEY_UIApplicationSupportsIndirectInputEvents = YES;
				INFOPLIST_KEY_UILaunchScreen_Generation = YES;
				INFOPLIST_KEY_UISupportedInterfaceOrientations_iPad = "UIInterfaceOrientationPortrait UIInterfaceOrientationPortraitUpsideDown UIInterfaceOrientationLandscapeLeft UIInterfaceOrientationLandscapeRight";
				INFOPLIST_KEY_UISupportedInterfaceOrientations_iPhone = "UIInterfaceOrientationPortrait UIInterfaceOrientationLandscapeLeft UIInterfaceOrientationLandscapeRight";
				LD_RUNPATH_SEARCH_PATHS = (
					"$(inherited)",
					"@executable_path/Frameworks",
				);
				MARKETING_VERSION = 1.0;
				PRODUCT_BUNDLE_IDENTIFIER = com.swiftygeorge.SET;
				PRODUCT_NAME = "$(TARGET_NAME)";
				SWIFT_EMIT_LOC_STRINGS = YES;
				SWIFT_VERSION = 5.0;
				TARGETED_DEVICE_FAMILY = "1,2";
			};
			name = Debug;
		};
		D44F1F51284E7D4900B1AC32 /* Release */ = {
			isa = XCBuildConfiguration;
			buildSettings = {
				ASSETCATALOG_COMPILER_APPICON_NAME = AppIcon;
				ASSETCATALOG_COMPILER_GLOBAL_ACCENT_COLOR_NAME = AccentColor;
				CODE_SIGN_STYLE = Automatic;
				CURRENT_PROJECT_VERSION = 1;
				DEVELOPMENT_ASSET_PATHS = "\"SET/Preview Content\"";
				ENABLE_PREVIEWS = YES;
				GENERATE_INFOPLIST_FILE = YES;
				INFOPLIST_KEY_UIApplicationSceneManifest_Generation = YES;
				INFOPLIST_KEY_UIApplicationSupportsIndirectInputEvents = YES;
				INFOPLIST_KEY_UILaunchScreen_Generation = YES;
				INFOPLIST_KEY_UISupportedInterfaceOrientations_iPad = "UIInterfaceOrientationPortrait UIInterfaceOrientationPortraitUpsideDown UIInterfaceOrientationLandscapeLeft UIInterfaceOrientationLandscapeRight";
				INFOPLIST_KEY_UISupportedInterfaceOrientations_iPhone = "UIInterfaceOrientationPortrait UIInterfaceOrientationLandscapeLeft UIInterfaceOrientationLandscapeRight";
				LD_RUNPATH_SEARCH_PATHS = (
					"$(inherited)",
					"@executable_path/Frameworks",
				);
				MARKETING_VERSION = 1.0;
				PRODUCT_BUNDLE_IDENTIFIER = com.swiftygeorge.SET;
				PRODUCT_NAME = "$(TARGET_NAME)";
				SWIFT_EMIT_LOC_STRINGS = YES;
				SWIFT_VERSION = 5.0;
				TARGETED_DEVICE_FAMILY = "1,2";
			};
			name = Release;
		};
/* End XCBuildConfiguration section */

/* Begin XCConfigurationList section */
		D44F1F3C284E7D4700B1AC32 /* Build configuration list for PBXProject "SET" */ = {
			isa = XCConfigurationList;
			buildConfigurations = (
				D44F1F4D284E7D4900B1AC32 /* Debug */,
				D44F1F4E284E7D4900B1AC32 /* Release */,
			);
			defaultConfigurationIsVisible = 0;
			defaultConfigurationName = Release;
		};
		D44F1F4F284E7D4900B1AC32 /* Build configuration list for PBXNativeTarget "SET" */ = {
			isa = XCConfigurationList;
			buildConfigurations = (
				D44F1F50284E7D4900B1AC32 /* Debug */,
				D44F1F51284E7D4900B1AC32 /* Release */,
			);
			defaultConfigurationIsVisible = 0;
			defaultConfigurationName = Release;
		};
/* End XCConfigurationList section */
	};
	rootObject = D44F1F39284E7D4700B1AC32 /* Project object */;
}
